// !$*UTF8*$!
{
	archiveVersion = 1;
	classes = {
	};
	objectVersion = 46;
	objects = {

/* Begin PBXBuildFile section */
		6500006F1BF8974900138E23 /* AppDelegate.swift in Sources */ = {isa = PBXBuildFile; fileRef = 6500006E1BF8974900138E23 /* AppDelegate.swift */; };
		650000711BF8974900138E23 /* ViewController.swift in Sources */ = {isa = PBXBuildFile; fileRef = 650000701BF8974900138E23 /* ViewController.swift */; };
		650000741BF8974900138E23 /* Main.storyboard in Resources */ = {isa = PBXBuildFile; fileRef = 650000721BF8974900138E23 /* Main.storyboard */; };
		650000761BF8974900138E23 /* Assets.xcassets in Resources */ = {isa = PBXBuildFile; fileRef = 650000751BF8974900138E23 /* Assets.xcassets */; };
		650000791BF8974900138E23 /* LaunchScreen.storyboard in Resources */ = {isa = PBXBuildFile; fileRef = 650000771BF8974900138E23 /* LaunchScreen.storyboard */; };
		650000841BF8974900138E23 /* icartravelTests.swift in Sources */ = {isa = PBXBuildFile; fileRef = 650000831BF8974900138E23 /* icartravelTests.swift */; };
		6500008F1BF8974900138E23 /* icartravelUITests.swift in Sources */ = {isa = PBXBuildFile; fileRef = 6500008E1BF8974900138E23 /* icartravelUITests.swift */; };
/* End PBXBuildFile section */

/* Begin PBXContainerItemProxy section */
		650000801BF8974900138E23 /* PBXContainerItemProxy */ = {
			isa = PBXContainerItemProxy;
			containerPortal = 650000631BF8974900138E23 /* Project object */;
			proxyType = 1;
			remoteGlobalIDString = 6500006A1BF8974900138E23;
			remoteInfo = icartravel;
		};
		6500008B1BF8974900138E23 /* PBXContainerItemProxy */ = {
			isa = PBXContainerItemProxy;
			containerPortal = 650000631BF8974900138E23 /* Project object */;
			proxyType = 1;
			remoteGlobalIDString = 6500006A1BF8974900138E23;
			remoteInfo = icartravel;
		};
/* End PBXContainerItemProxy section */

/* Begin PBXFileReference section */
		6500006B1BF8974900138E23 /* icartravel.app */ = {isa = PBXFileReference; explicitFileType = wrapper.application; includeInIndex = 0; path = icartravel.app; sourceTree = BUILT_PRODUCTS_DIR; };
		6500006E1BF8974900138E23 /* AppDelegate.swift */ = {isa = PBXFileReference; lastKnownFileType = sourcecode.swift; path = AppDelegate.swift; sourceTree = "<group>"; };
		650000701BF8974900138E23 /* ViewController.swift */ = {isa = PBXFileReference; lastKnownFileType = sourcecode.swift; path = ViewController.swift; sourceTree = "<group>"; };
		650000731BF8974900138E23 /* Base */ = {isa = PBXFileReference; lastKnownFileType = file.storyboard; name = Base; path = Base.lproj/Main.storyboard; sourceTree = "<group>"; };
		650000751BF8974900138E23 /* Assets.xcassets */ = {isa = PBXFileReference; lastKnownFileType = folder.assetcatalog; path = Assets.xcassets; sourceTree = "<group>"; };
		650000781BF8974900138E23 /* Base */ = {isa = PBXFileReference; lastKnownFileType = file.storyboard; name = Base; path = Base.lproj/LaunchScreen.storyboard; sourceTree = "<group>"; };
		6500007A1BF8974900138E23 /* Info.plist */ = {isa = PBXFileReference; lastKnownFileType = text.plist.xml; path = Info.plist; sourceTree = "<group>"; };
		6500007F1BF8974900138E23 /* icartravelTests.xctest */ = {isa = PBXFileReference; explicitFileType = wrapper.cfbundle; includeInIndex = 0; path = icartravelTests.xctest; sourceTree = BUILT_PRODUCTS_DIR; };
		650000831BF8974900138E23 /* icartravelTests.swift */ = {isa = PBXFileReference; lastKnownFileType = sourcecode.swift; path = icartravelTests.swift; sourceTree = "<group>"; };
		650000851BF8974900138E23 /* Info.plist */ = {isa = PBXFileReference; lastKnownFileType = text.plist.xml; path = Info.plist; sourceTree = "<group>"; };
		6500008A1BF8974900138E23 /* icartravelUITests.xctest */ = {isa = PBXFileReference; explicitFileType = wrapper.cfbundle; includeInIndex = 0; path = icartravelUITests.xctest; sourceTree = BUILT_PRODUCTS_DIR; };
		6500008E1BF8974900138E23 /* icartravelUITests.swift */ = {isa = PBXFileReference; lastKnownFileType = sourcecode.swift; path = icartravelUITests.swift; sourceTree = "<group>"; };
		650000901BF8974900138E23 /* Info.plist */ = {isa = PBXFileReference; lastKnownFileType = text.plist.xml; path = Info.plist; sourceTree = "<group>"; };
/* End PBXFileReference section */

/* Begin PBXFrameworksBuildPhase section */
		650000681BF8974900138E23 /* Frameworks */ = {
			isa = PBXFrameworksBuildPhase;
			buildActionMask = 2147483647;
			files = (
			);
			runOnlyForDeploymentPostprocessing = 0;
		};
		6500007C1BF8974900138E23 /* Frameworks */ = {
			isa = PBXFrameworksBuildPhase;
			buildActionMask = 2147483647;
			files = (
			);
			runOnlyForDeploymentPostprocessing = 0;
		};
		650000871BF8974900138E23 /* Frameworks */ = {
			isa = PBXFrameworksBuildPhase;
			buildActionMask = 2147483647;
			files = (
			);
			runOnlyForDeploymentPostprocessing = 0;
		};
/* End PBXFrameworksBuildPhase section */

/* Begin PBXGroup section */
		650000621BF8974900138E23 = {
			isa = PBXGroup;
			children = (
				6500006D1BF8974900138E23 /* icartravel */,
				650000821BF8974900138E23 /* icartravelTests */,
				6500008D1BF8974900138E23 /* icartravelUITests */,
				6500006C1BF8974900138E23 /* Products */,
			);
			sourceTree = "<group>";
		};
		6500006C1BF8974900138E23 /* Products */ = {
			isa = PBXGroup;
			children = (
				6500006B1BF8974900138E23 /* icartravel.app */,
				6500007F1BF8974900138E23 /* icartravelTests.xctest */,
				6500008A1BF8974900138E23 /* icartravelUITests.xctest */,
			);
			name = Products;
			sourceTree = "<group>";
		};
		6500006D1BF8974900138E23 /* icartravel */ = {
			isa = PBXGroup;
			children = (
				6500006E1BF8974900138E23 /* AppDelegate.swift */,
				650000701BF8974900138E23 /* ViewController.swift */,
				650000721BF8974900138E23 /* Main.storyboard */,
				650000751BF8974900138E23 /* Assets.xcassets */,
				650000771BF8974900138E23 /* LaunchScreen.storyboard */,
				6500007A1BF8974900138E23 /* Info.plist */,
			);
			path = icartravel;
			sourceTree = "<group>";
		};
		650000821BF8974900138E23 /* icartravelTests */ = {
			isa = PBXGroup;
			children = (
				650000831BF8974900138E23 /* icartravelTests.swift */,
				650000851BF8974900138E23 /* Info.plist */,
			);
			path = icartravelTests;
			sourceTree = "<group>";
		};
		6500008D1BF8974900138E23 /* icartravelUITests */ = {
			isa = PBXGroup;
			children = (
				6500008E1BF8974900138E23 /* icartravelUITests.swift */,
				650000901BF8974900138E23 /* Info.plist */,
			);
			path = icartravelUITests;
			sourceTree = "<group>";
		};
/* End PBXGroup section */

/* Begin PBXNativeTarget section */
		6500006A1BF8974900138E23 /* icartravel */ = {
			isa = PBXNativeTarget;
			buildConfigurationList = 650000931BF8974900138E23 /* Build configuration list for PBXNativeTarget "icartravel" */;
			buildPhases = (
				650000671BF8974900138E23 /* Sources */,
				650000681BF8974900138E23 /* Frameworks */,
				650000691BF8974900138E23 /* Resources */,
			);
			buildRules = (
			);
			dependencies = (
			);
			name = icartravel;
			productName = icartravel;
			productReference = 6500006B1BF8974900138E23 /* icartravel.app */;
			productType = "com.apple.product-type.application";
		};
		6500007E1BF8974900138E23 /* icartravelTests */ = {
			isa = PBXNativeTarget;
			buildConfigurationList = 650000961BF8974900138E23 /* Build configuration list for PBXNativeTarget "icartravelTests" */;
			buildPhases = (
				6500007B1BF8974900138E23 /* Sources */,
				6500007C1BF8974900138E23 /* Frameworks */,
				6500007D1BF8974900138E23 /* Resources */,
			);
			buildRules = (
			);
			dependencies = (
				650000811BF8974900138E23 /* PBXTargetDependency */,
			);
			name = icartravelTests;
			productName = icartravelTests;
			productReference = 6500007F1BF8974900138E23 /* icartravelTests.xctest */;
			productType = "com.apple.product-type.bundle.unit-test";
		};
		650000891BF8974900138E23 /* icartravelUITests */ = {
			isa = PBXNativeTarget;
			buildConfigurationList = 650000991BF8974900138E23 /* Build configuration list for PBXNativeTarget "icartravelUITests" */;
			buildPhases = (
				650000861BF8974900138E23 /* Sources */,
				650000871BF8974900138E23 /* Frameworks */,
				650000881BF8974900138E23 /* Resources */,
			);
			buildRules = (
			);
			dependencies = (
				6500008C1BF8974900138E23 /* PBXTargetDependency */,
			);
			name = icartravelUITests;
			productName = icartravelUITests;
			productReference = 6500008A1BF8974900138E23 /* icartravelUITests.xctest */;
			productType = "com.apple.product-type.bundle.ui-testing";
		};
/* End PBXNativeTarget section */

/* Begin PBXProject section */
		650000631BF8974900138E23 /* Project object */ = {
			isa = PBXProject;
			attributes = {
				LastSwiftUpdateCheck = 0710;
				LastUpgradeCheck = 0710;
				ORGANIZATIONNAME = mlc;
				TargetAttributes = {
					6500006A1BF8974900138E23 = {
						CreatedOnToolsVersion = 7.1;
					};
					6500007E1BF8974900138E23 = {
						CreatedOnToolsVersion = 7.1;
						TestTargetID = 6500006A1BF8974900138E23;
					};
					650000891BF8974900138E23 = {
						CreatedOnToolsVersion = 7.1;
						TestTargetID = 6500006A1BF8974900138E23;
					};
				};
			};
			buildConfigurationList = 650000661BF8974900138E23 /* Build configuration list for PBXProject "icartravel" */;
			compatibilityVersion = "Xcode 3.2";
			developmentRegion = English;
			hasScannedForEncodings = 0;
			knownRegions = (
				en,
				Base,
			);
			mainGroup = 650000621BF8974900138E23;
			productRefGroup = 6500006C1BF8974900138E23 /* Products */;
			projectDirPath = "";
			projectRoot = "";
			targets = (
				6500006A1BF8974900138E23 /* icartravel */,
				6500007E1BF8974900138E23 /* icartravelTests */,
				650000891BF8974900138E23 /* icartravelUITests */,
			);
		};
/* End PBXProject section */

/* Begin PBXResourcesBuildPhase section */
		650000691BF8974900138E23 /* Resources */ = {
			isa = PBXResourcesBuildPhase;
			buildActionMask = 2147483647;
			files = (
				650000791BF8974900138E23 /* LaunchScreen.storyboard in Resources */,
				650000761BF8974900138E23 /* Assets.xcassets in Resources */,
				650000741BF8974900138E23 /* Main.storyboard in Resources */,
			);
			runOnlyForDeploymentPostprocessing = 0;
		};
		6500007D1BF8974900138E23 /* Resources */ = {
			isa = PBXResourcesBuildPhase;
			buildActionMask = 2147483647;
			files = (
			);
			runOnlyForDeploymentPostprocessing = 0;
		};
		650000881BF8974900138E23 /* Resources */ = {
			isa = PBXResourcesBuildPhase;
			buildActionMask = 2147483647;
			files = (
			);
			runOnlyForDeploymentPostprocessing = 0;
		};
/* End PBXResourcesBuildPhase section */

/* Begin PBXSourcesBuildPhase section */
		650000671BF8974900138E23 /* Sources */ = {
			isa = PBXSourcesBuildPhase;
			buildActionMask = 2147483647;
			files = (
				650000711BF8974900138E23 /* ViewController.swift in Sources */,
				6500006F1BF8974900138E23 /* AppDelegate.swift in Sources */,
			);
			runOnlyForDeploymentPostprocessing = 0;
		};
		6500007B1BF8974900138E23 /* Sources */ = {
			isa = PBXSourcesBuildPhase;
			buildActionMask = 2147483647;
			files = (
				650000841BF8974900138E23 /* icartravelTests.swift in Sources */,
			);
			runOnlyForDeploymentPostprocessing = 0;
		};
		650000861BF8974900138E23 /* Sources */ = {
			isa = PBXSourcesBuildPhase;
			buildActionMask = 2147483647;
			files = (
				6500008F1BF8974900138E23 /* icartravelUITests.swift in Sources */,
			);
			runOnlyForDeploymentPostprocessing = 0;
		};
/* End PBXSourcesBuildPhase section */

/* Begin PBXTargetDependency section */
		650000811BF8974900138E23 /* PBXTargetDependency */ = {
			isa = PBXTargetDependency;
			target = 6500006A1BF8974900138E23 /* icartravel */;
			targetProxy = 650000801BF8974900138E23 /* PBXContainerItemProxy */;
		};
		6500008C1BF8974900138E23 /* PBXTargetDependency */ = {
			isa = PBXTargetDependency;
			target = 6500006A1BF8974900138E23 /* icartravel */;
			targetProxy = 6500008B1BF8974900138E23 /* PBXContainerItemProxy */;
		};
/* End PBXTargetDependency section */

/* Begin PBXVariantGroup section */
		650000721BF8974900138E23 /* Main.storyboard */ = {
			isa = PBXVariantGroup;
			children = (
				650000731BF8974900138E23 /* Base */,
			);
			name = Main.storyboard;
			sourceTree = "<group>";
		};
		650000771BF8974900138E23 /* LaunchScreen.storyboard */ = {
			isa = PBXVariantGroup;
			children = (
				650000781BF8974900138E23 /* Base */,
			);
			name = LaunchScreen.storyboard;
			sourceTree = "<group>";
		};
/* End PBXVariantGroup section */

/* Begin XCBuildConfiguration section */
		650000911BF8974900138E23 /* Debug */ = {
			isa = XCBuildConfiguration;
			buildSettings = {
				ALWAYS_SEARCH_USER_PATHS = NO;
				CLANG_CXX_LANGUAGE_STANDARD = "gnu++0x";
				CLANG_CXX_LIBRARY = "libc++";
				CLANG_ENABLE_MODULES = YES;
				CLANG_ENABLE_OBJC_ARC = YES;
				CLANG_WARN_BOOL_CONVERSION = YES;
				CLANG_WARN_CONSTANT_CONVERSION = YES;
				CLANG_WARN_DIRECT_OBJC_ISA_USAGE = YES_ERROR;
				CLANG_WARN_EMPTY_BODY = YES;
				CLANG_WARN_ENUM_CONVERSION = YES;
				CLANG_WARN_INT_CONVERSION = YES;
				CLANG_WARN_OBJC_ROOT_CLASS = YES_ERROR;
				CLANG_WARN_UNREACHABLE_CODE = YES;
				CLANG_WARN__DUPLICATE_METHOD_MATCH = YES;
				"CODE_SIGN_IDENTITY[sdk=iphoneos*]" = "iPhone Developer";
				COPY_PHASE_STRIP = NO;
				DEBUG_INFORMATION_FORMAT = dwarf;
				ENABLE_STRICT_OBJC_MSGSEND = YES;
				ENABLE_TESTABILITY = YES;
				GCC_C_LANGUAGE_STANDARD = gnu99;
				GCC_DYNAMIC_NO_PIC = NO;
				GCC_NO_COMMON_BLOCKS = YES;
				GCC_OPTIMIZATION_LEVEL = 0;
				GCC_PREPROCESSOR_DEFINITIONS = (
					"DEBUG=1",
					"$(inherited)",
				);
				GCC_WARN_64_TO_32_BIT_CONVERSION = YES;
				GCC_WARN_ABOUT_RETURN_TYPE = YES_ERROR;
				GCC_WARN_UNDECLARED_SELECTOR = YES;
				GCC_WARN_UNINITIALIZED_AUTOS = YES_AGGRESSIVE;
				GCC_WARN_UNUSED_FUNCTION = YES;
				GCC_WARN_UNUSED_VARIABLE = YES;
				IPHONEOS_DEPLOYMENT_TARGET = 9.1;
				MTL_ENABLE_DEBUG_INFO = YES;
				ONLY_ACTIVE_ARCH = YES;
				SDKROOT = iphoneos;
				SWIFT_OPTIMIZATION_LEVEL = "-Onone";
			};
			name = Debug;
		};
		650000921BF8974900138E23 /* Release */ = {
			isa = XCBuildConfiguration;
			buildSettings = {
				ALWAYS_SEARCH_USER_PATHS = NO;
				CLANG_CXX_LANGUAGE_STANDARD = "gnu++0x";
				CLANG_CXX_LIBRARY = "libc++";
				CLANG_ENABLE_MODULES = YES;
				CLANG_ENABLE_OBJC_ARC = YES;
				CLANG_WARN_BOOL_CONVERSION = YES;
				CLANG_WARN_CONSTANT_CONVERSION = YES;
				CLANG_WARN_DIRECT_OBJC_ISA_USAGE = YES_ERROR;
				CLANG_WARN_EMPTY_BODY = YES;
				CLANG_WARN_ENUM_CONVERSION = YES;
				CLANG_WARN_INT_CONVERSION = YES;
				CLANG_WARN_OBJC_ROOT_CLASS = YES_ERROR;
				CLANG_WARN_UNREACHABLE_CODE = YES;
				CLANG_WARN__DUPLICATE_METHOD_MATCH = YES;
				"CODE_SIGN_IDENTITY[sdk=iphoneos*]" = "iPhone Developer";
				COPY_PHASE_STRIP = NO;
				DEBUG_INFORMATION_FORMAT = "dwarf-with-dsym";
				ENABLE_NS_ASSERTIONS = NO;
				ENABLE_STRICT_OBJC_MSGSEND = YES;
				GCC_C_LANGUAGE_STANDARD = gnu99;
				GCC_NO_COMMON_BLOCKS = YES;
				GCC_WARN_64_TO_32_BIT_CONVERSION = YES;
				GCC_WARN_ABOUT_RETURN_TYPE = YES_ERROR;
				GCC_WARN_UNDECLARED_SELECTOR = YES;
				GCC_WARN_UNINITIALIZED_AUTOS = YES_AGGRESSIVE;
				GCC_WARN_UNUSED_FUNCTION = YES;
				GCC_WARN_UNUSED_VARIABLE = YES;
				IPHONEOS_DEPLOYMENT_TARGET = 9.1;
				MTL_ENABLE_DEBUG_INFO = NO;
				SDKROOT = iphoneos;
				VALIDATE_PRODUCT = YES;
			};
			name = Release;
		};
		650000941BF8974900138E23 /* Debug */ = {
			isa = XCBuildConfiguration;
			buildSettings = {
				ASSETCATALOG_COMPILER_APPICON_NAME = AppIcon;
				INFOPLIST_FILE = icartravel/Info.plist;
				LD_RUNPATH_SEARCH_PATHS = "$(inherited) @executable_path/Frameworks";
				PRODUCT_BUNDLE_IDENTIFIER = com.icartravel.icartravel;
				PRODUCT_NAME = "$(TARGET_NAME)";
			};
			name = Debug;
		};
		650000951BF8974900138E23 /* Release */ = {
			isa = XCBuildConfiguration;
			buildSettings = {
				ASSETCATALOG_COMPILER_APPICON_NAME = AppIcon;
				INFOPLIST_FILE = icartravel/Info.plist;
				LD_RUNPATH_SEARCH_PATHS = "$(inherited) @executable_path/Frameworks";
				PRODUCT_BUNDLE_IDENTIFIER = com.icartravel.icartravel;
				PRODUCT_NAME = "$(TARGET_NAME)";
			};
			name = Release;
		};
		650000971BF8974900138E23 /* Debug */ = {
			isa = XCBuildConfiguration;
			buildSettings = {
				BUNDLE_LOADER = "$(TEST_HOST)";
				INFOPLIST_FILE = icartravelTests/Info.plist;
				LD_RUNPATH_SEARCH_PATHS = "$(inherited) @executable_path/Frameworks @loader_path/Frameworks";
				PRODUCT_BUNDLE_IDENTIFIER = com.icartravel.icartravelTests;
				PRODUCT_NAME = "$(TARGET_NAME)";
				TEST_HOST = "$(BUILT_PRODUCTS_DIR)/icartravel.app/icartravel";
			};
			name = Debug;
		};
		650000981BF8974900138E23 /* Release */ = {
			isa = XCBuildConfiguration;
			buildSettings = {
				BUNDLE_LOADER = "$(TEST_HOST)";
				INFOPLIST_FILE = icartravelTests/Info.plist;
				LD_RUNPATH_SEARCH_PATHS = "$(inherited) @executable_path/Frameworks @loader_path/Frameworks";
				PRODUCT_BUNDLE_IDENTIFIER = com.icartravel.icartravelTests;
				PRODUCT_NAME = "$(TARGET_NAME)";
				TEST_HOST = "$(BUILT_PRODUCTS_DIR)/icartravel.app/icartravel";
			};
			name = Release;
		};
		6500009A1BF8974900138E23 /* Debug */ = {
			isa = XCBuildConfiguration;
			buildSettings = {
				INFOPLIST_FILE = icartravelUITests/Info.plist;
				LD_RUNPATH_SEARCH_PATHS = "$(inherited) @executable_path/Frameworks @loader_path/Frameworks";
				PRODUCT_BUNDLE_IDENTIFIER = com.icartravel.icartravelUITests;
				PRODUCT_NAME = "$(TARGET_NAME)";
				TEST_TARGET_NAME = icartravel;
				USES_XCTRUNNER = YES;
			};
			name = Debug;
		};
		6500009B1BF8974900138E23 /* Release */ = {
			isa = XCBuildConfiguration;
			buildSettings = {
				INFOPLIST_FILE = icartravelUITests/Info.plist;
				LD_RUNPATH_SEARCH_PATHS = "$(inherited) @executable_path/Frameworks @loader_path/Frameworks";
				PRODUCT_BUNDLE_IDENTIFIER = com.icartravel.icartravelUITests;
				PRODUCT_NAME = "$(TARGET_NAME)";
				TEST_TARGET_NAME = icartravel;
				USES_XCTRUNNER = YES;
			};
			name = Release;
		};
/* End XCBuildConfiguration section */

/* Begin XCConfigurationList section */
		650000661BF8974900138E23 /* Build configuration list for PBXProject "icartravel" */ = {
			isa = XCConfigurationList;
			buildConfigurations = (
				650000911BF8974900138E23 /* Debug */,
				650000921BF8974900138E23 /* Release */,
			);
			defaultConfigurationIsVisible = 0;
			defaultConfigurationName = Release;
		};
		650000931BF8974900138E23 /* Build configuration list for PBXNativeTarget "icartravel" */ = {
			isa = XCConfigurationList;
			buildConfigurations = (
				650000941BF8974900138E23 /* Debug */,
				650000951BF8974900138E23 /* Release */,
			);
			defaultConfigurationIsVisible = 0;
		};
		650000961BF8974900138E23 /* Build configuration list for PBXNativeTarget "icartravelTests" */ = {
			isa = XCConfigurationList;
			buildConfigurations = (
				650000971BF8974900138E23 /* Debug */,
				650000981BF8974900138E23 /* Release */,
			);
			defaultConfigurationIsVisible = 0;
		};
		650000991BF8974900138E23 /* Build configuration list for PBXNativeTarget "icartravelUITests" */ = {
			isa = XCConfigurationList;
			buildConfigurations = (
				6500009A1BF8974900138E23 /* Debug */,
				6500009B1BF8974900138E23 /* Release */,
			);
			defaultConfigurationIsVisible = 0;
		};
/* End XCConfigurationList section */
	};
	rootObject = 650000631BF8974900138E23 /* Project object */;
}
